
Microsoft Visual Studio Solution File, Format Version 12.00
Project("{FAE04EC0-301F-11D3-BF4B-00C04F79EFBC}") = "ConsoleApplication1 1.1", "ConsoleApplication1 1.1\ConsoleApplication1 1.1.csproj", "{F585EA41-F6D1-47B0-BCE9-E102895AA198}"
EndProject
Project("{FAE04EC0-301F-11D3-BF4B-00C04F79EFBC}") = "ConsoleApplication2 1.2", "ConsoleApplication2 1.2\ConsoleApplication2 1.2.csproj", "{5B7C8C09-3164-46F7-AB7F-1B1F16DA8974}"
EndProject
Project("{FAE04EC0-301F-11D3-BF4B-00C04F79EFBC}") = "ConsoleApplication3 1.3", "ConsoleApplication3 1.3\ConsoleApplication3 1.3.csproj", "{CDDF0E80-7110-4AE5-BA12-46E54FCE7FD5}"
EndProject
Project("{FAE04EC0-301F-11D3-BF4B-00C04F79EFBC}") = "ConsoleApplication4 1.4", "ConsoleApplication4 1.4\ConsoleApplication4 1.4.csproj", "{822482AC-8EE8-473E-83BA-1B5DF68F9308}"
EndProject
Project("{FAE04EC0-301F-11D3-BF4B-00C04F79EFBC}") = "ConsoleApplication5 1.5", "ConsoleApplication5 1.5\ConsoleApplication5 1.5.csproj", "{67CCD567-20B6-4882-9561-3412D159BCC0}"
EndProject
Project("{FAE04EC0-301F-11D3-BF4B-00C04F79EFBC}") = "ConsoleApplication6 2.1", "ConsoleApplication6 2.1\ConsoleApplication6 2.1.csproj", "{A861339B-69E6-483A-95C1-705F45F4F31D}"
EndProject
Project("{FAE04EC0-301F-11D3-BF4B-00C04F79EFBC}") = "ConsoleApplication7 2.2", "ConsoleApplication7 2.2\ConsoleApplication7 2.2.csproj", "{4E481E8B-D4A3-4339-A004-81E100F96128}"
EndProject
Project("{FAE04EC0-301F-11D3-BF4B-00C04F79EFBC}") = "ConsoleApplication8 2.3", "ConsoleApplication8 2.3\ConsoleApplication8 2.3.csproj", "{7DA84298-33FF-4F7F-9E2C-2D2557D560CD}"
EndProject
Project("{FAE04EC0-301F-11D3-BF4B-00C04F79EFBC}") = "ConsoleApplication9 2.4", "ConsoleApplication9 2.4\ConsoleApplication9 2.4.csproj", "{707887E1-762C-40E5-8F84-3989FE926A0D}"
EndProject
Project("{FAE04EC0-301F-11D3-BF4B-00C04F79EFBC}") = "ConsoleApplication10 2.5", "ConsoleApplication10 2.5\ConsoleApplication10 2.5.csproj", "{F99B5C36-CC67-4A48-A588-C53EBD6CF260}"
EndProject
Project("{FAE04EC0-301F-11D3-BF4B-00C04F79EFBC}") = "ConsoleApplication11 3.1", "ConsoleApplication11 3.1\ConsoleApplication11 3.1.csproj", "{774747ED-F19A-4AB7-A653-0F8B4358FB60}"
EndProject
Project("{FAE04EC0-301F-11D3-BF4B-00C04F79EFBC}") = "ConsoleApplication12 3.2", "ConsoleApplication12 3.2\ConsoleApplication12 3.2.csproj", "{54FD3227-FC9D-464C-9ADE-2C77104A8D2E}"
EndProject
Project("{FAE04EC0-301F-11D3-BF4B-00C04F79EFBC}") = "ConsoleApplication13 3.3", "ConsoleApplication13 3.3\ConsoleApplication13 3.3.csproj", "{665A6A03-0DC5-40C4-B53E-5E735DBEE7F0}"
EndProject
Project("{FAE04EC0-301F-11D3-BF4B-00C04F79EFBC}") = "ConsoleApplication14 4.1", "ConsoleApplication14 4.1\ConsoleApplication14 4.1.csproj", "{9B79D480-1F47-4C9A-BF19-A96C10DE98E8}"
EndProject
Project("{FAE04EC0-301F-11D3-BF4B-00C04F79EFBC}") = "ConsoleApplication15 4.2", "ConsoleApplication15 4.2\ConsoleApplication15 4.2.csproj", "{19A9B47F-C136-4CE0-82C3-4D694CC182AE}"
EndProject
Project("{FAE04EC0-301F-11D3-BF4B-00C04F79EFBC}") = "ConsoleApplication16 4.3", "ConsoleApplication16 4.3\ConsoleApplication16 4.3.csproj", "{75F9B929-9CAE-44D0-AE04-AD1A0CA4245B}"
EndProject
Project("{FAE04EC0-301F-11D3-BF4B-00C04F79EFBC}") = "ConsoleApplication17 4.4", "ConsoleApplication17 4.4\ConsoleApplication17 4.4.csproj", "{BC98E16D-6C88-4B13-B18C-34F275F5A822}"
EndProject
Project("{FAE04EC0-301F-11D3-BF4B-00C04F79EFBC}") = "ConsoleApplication18 4.5", "ConsoleApplication18 4.5\ConsoleApplication18 4.5.csproj", "{D0F768A3-7658-4DA1-9A67-37E0951EE9E4}"
EndProject
Project("{FAE04EC0-301F-11D3-BF4B-00C04F79EFBC}") = "ConsoleApplication19 4.6", "ConsoleApplication19 4.6\ConsoleApplication19 4.6.csproj", "{40A75279-5065-4248-8C98-B20B5074B7BA}"
EndProject
Project("{FAE04EC0-301F-11D3-BF4B-00C04F79EFBC}") = "ConsoleApplication20 5.1", "ConsoleApplication20 5.1\ConsoleApplication20 5.1.csproj", "{5C83FE02-8A46-45C1-A3AF-15AEB912759C}"
EndProject
Project("{FAE04EC0-301F-11D3-BF4B-00C04F79EFBC}") = "ConsoleApplication21 5.2", "ConsoleApplication21 5.2\ConsoleApplication21 5.2.csproj", "{22FC1403-0601-4F10-9109-EB766860B830}"
EndProject
Project("{FAE04EC0-301F-11D3-BF4B-00C04F79EFBC}") = "ConsoleApplication22 5.3", "ConsoleApplication22 5.3\ConsoleApplication22 5.3.csproj", "{A07C4B92-402F-4B06-B7CE-EC892FAC3D13}"
EndProject
Project("{FAE04EC0-301F-11D3-BF4B-00C04F79EFBC}") = "ConsoleApplication23 5.4", "ConsoleApplication23 5.4\ConsoleApplication23 5.4.csproj", "{E7F2A5F8-FDC3-498A-B395-231526E6DEBA}"
EndProject
Project("{FAE04EC0-301F-11D3-BF4B-00C04F79EFBC}") = "ConsoleApplication24 5.5", "ConsoleApplication24 5.5\ConsoleApplication24 5.5.csproj", "{974DE67D-9B4A-457F-800C-218601241280}"
EndProject
Global
	GlobalSection(SolutionConfigurationPlatforms) = preSolution
		Debug|Any CPU = Debug|Any CPU
		Release|Any CPU = Release|Any CPU
	EndGlobalSection
	GlobalSection(ProjectConfigurationPlatforms) = postSolution
		{F585EA41-F6D1-47B0-BCE9-E102895AA198}.Debug|Any CPU.ActiveCfg = Debug|Any CPU
		{F585EA41-F6D1-47B0-BCE9-E102895AA198}.Debug|Any CPU.Build.0 = Debug|Any CPU
		{F585EA41-F6D1-47B0-BCE9-E102895AA198}.Release|Any CPU.ActiveCfg = Release|Any CPU
		{F585EA41-F6D1-47B0-BCE9-E102895AA198}.Release|Any CPU.Build.0 = Release|Any CPU
		{5B7C8C09-3164-46F7-AB7F-1B1F16DA8974}.Debug|Any CPU.ActiveCfg = Debug|Any CPU
		{5B7C8C09-3164-46F7-AB7F-1B1F16DA8974}.Debug|Any CPU.Build.0 = Debug|Any CPU
		{5B7C8C09-3164-46F7-AB7F-1B1F16DA8974}.Release|Any CPU.ActiveCfg = Release|Any CPU
		{5B7C8C09-3164-46F7-AB7F-1B1F16DA8974}.Release|Any CPU.Build.0 = Release|Any CPU
		{CDDF0E80-7110-4AE5-BA12-46E54FCE7FD5}.Debug|Any CPU.ActiveCfg = Debug|Any CPU
		{CDDF0E80-7110-4AE5-BA12-46E54FCE7FD5}.Debug|Any CPU.Build.0 = Debug|Any CPU
		{CDDF0E80-7110-4AE5-BA12-46E54FCE7FD5}.Release|Any CPU.ActiveCfg = Release|Any CPU
		{CDDF0E80-7110-4AE5-BA12-46E54FCE7FD5}.Release|Any CPU.Build.0 = Release|Any CPU
		{822482AC-8EE8-473E-83BA-1B5DF68F9308}.Debug|Any CPU.ActiveCfg = Debug|Any CPU
		{822482AC-8EE8-473E-83BA-1B5DF68F9308}.Debug|Any CPU.Build.0 = Debug|Any CPU
		{822482AC-8EE8-473E-83BA-1B5DF68F9308}.Release|Any CPU.ActiveCfg = Release|Any CPU
		{822482AC-8EE8-473E-83BA-1B5DF68F9308}.Release|Any CPU.Build.0 = Release|Any CPU
		{67CCD567-20B6-4882-9561-3412D159BCC0}.Debug|Any CPU.ActiveCfg = Debug|Any CPU
		{67CCD567-20B6-4882-9561-3412D159BCC0}.Debug|Any CPU.Build.0 = Debug|Any CPU
		{67CCD567-20B6-4882-9561-3412D159BCC0}.Release|Any CPU.ActiveCfg = Release|Any CPU
		{67CCD567-20B6-4882-9561-3412D159BCC0}.Release|Any CPU.Build.0 = Release|Any CPU
		{A861339B-69E6-483A-95C1-705F45F4F31D}.Debug|Any CPU.ActiveCfg = Debug|Any CPU
		{A861339B-69E6-483A-95C1-705F45F4F31D}.Debug|Any CPU.Build.0 = Debug|Any CPU
		{A861339B-69E6-483A-95C1-705F45F4F31D}.Release|Any CPU.ActiveCfg = Release|Any CPU
		{A861339B-69E6-483A-95C1-705F45F4F31D}.Release|Any CPU.Build.0 = Release|Any CPU
		{4E481E8B-D4A3-4339-A004-81E100F96128}.Debug|Any CPU.ActiveCfg = Debug|Any CPU
		{4E481E8B-D4A3-4339-A004-81E100F96128}.Debug|Any CPU.Build.0 = Debug|Any CPU
		{4E481E8B-D4A3-4339-A004-81E100F96128}.Release|Any CPU.ActiveCfg = Release|Any CPU
		{4E481E8B-D4A3-4339-A004-81E100F96128}.Release|Any CPU.Build.0 = Release|Any CPU
		{7DA84298-33FF-4F7F-9E2C-2D2557D560CD}.Debug|Any CPU.ActiveCfg = Debug|Any CPU
		{7DA84298-33FF-4F7F-9E2C-2D2557D560CD}.Debug|Any CPU.Build.0 = Debug|Any CPU
		{7DA84298-33FF-4F7F-9E2C-2D2557D560CD}.Release|Any CPU.ActiveCfg = Release|Any CPU
		{7DA84298-33FF-4F7F-9E2C-2D2557D560CD}.Release|Any CPU.Build.0 = Release|Any CPU
		{707887E1-762C-40E5-8F84-3989FE926A0D}.Debug|Any CPU.ActiveCfg = Debug|Any CPU
		{707887E1-762C-40E5-8F84-3989FE926A0D}.Debug|Any CPU.Build.0 = Debug|Any CPU
		{707887E1-762C-40E5-8F84-3989FE926A0D}.Release|Any CPU.ActiveCfg = Release|Any CPU
		{707887E1-762C-40E5-8F84-3989FE926A0D}.Release|Any CPU.Build.0 = Release|Any CPU
		{F99B5C36-CC67-4A48-A588-C53EBD6CF260}.Debug|Any CPU.ActiveCfg = Debug|Any CPU
		{F99B5C36-CC67-4A48-A588-C53EBD6CF260}.Debug|Any CPU.Build.0 = Debug|Any CPU
		{F99B5C36-CC67-4A48-A588-C53EBD6CF260}.Release|Any CPU.ActiveCfg = Release|Any CPU
		{F99B5C36-CC67-4A48-A588-C53EBD6CF260}.Release|Any CPU.Build.0 = Release|Any CPU
		{774747ED-F19A-4AB7-A653-0F8B4358FB60}.Debug|Any CPU.ActiveCfg = Debug|Any CPU
		{774747ED-F19A-4AB7-A653-0F8B4358FB60}.Debug|Any CPU.Build.0 = Debug|Any CPU
		{774747ED-F19A-4AB7-A653-0F8B4358FB60}.Release|Any CPU.ActiveCfg = Release|Any CPU
		{774747ED-F19A-4AB7-A653-0F8B4358FB60}.Release|Any CPU.Build.0 = Release|Any CPU
		{54FD3227-FC9D-464C-9ADE-2C77104A8D2E}.Debug|Any CPU.ActiveCfg = Debug|Any CPU
		{54FD3227-FC9D-464C-9ADE-2C77104A8D2E}.Debug|Any CPU.Build.0 = Debug|Any CPU
		{54FD3227-FC9D-464C-9ADE-2C77104A8D2E}.Release|Any CPU.ActiveCfg = Release|Any CPU
		{54FD3227-FC9D-464C-9ADE-2C77104A8D2E}.Release|Any CPU.Build.0 = Release|Any CPU
		{665A6A03-0DC5-40C4-B53E-5E735DBEE7F0}.Debug|Any CPU.ActiveCfg = Debug|Any CPU
		{665A6A03-0DC5-40C4-B53E-5E735DBEE7F0}.Debug|Any CPU.Build.0 = Debug|Any CPU
		{665A6A03-0DC5-40C4-B53E-5E735DBEE7F0}.Release|Any CPU.ActiveCfg = Release|Any CPU
		{665A6A03-0DC5-40C4-B53E-5E735DBEE7F0}.Release|Any CPU.Build.0 = Release|Any CPU
		{9B79D480-1F47-4C9A-BF19-A96C10DE98E8}.Debug|Any CPU.ActiveCfg = Debug|Any CPU
		{9B79D480-1F47-4C9A-BF19-A96C10DE98E8}.Debug|Any CPU.Build.0 = Debug|Any CPU
		{9B79D480-1F47-4C9A-BF19-A96C10DE98E8}.Release|Any CPU.ActiveCfg = Release|Any CPU
		{9B79D480-1F47-4C9A-BF19-A96C10DE98E8}.Release|Any CPU.Build.0 = Release|Any CPU
		{19A9B47F-C136-4CE0-82C3-4D694CC182AE}.Debug|Any CPU.ActiveCfg = Debug|Any CPU
		{19A9B47F-C136-4CE0-82C3-4D694CC182AE}.Debug|Any CPU.Build.0 = Debug|Any CPU
		{19A9B47F-C136-4CE0-82C3-4D694CC182AE}.Release|Any CPU.ActiveCfg = Release|Any CPU
		{19A9B47F-C136-4CE0-82C3-4D694CC182AE}.Release|Any CPU.Build.0 = Release|Any CPU
		{75F9B929-9CAE-44D0-AE04-AD1A0CA4245B}.Debug|Any CPU.ActiveCfg = Debug|Any CPU
		{75F9B929-9CAE-44D0-AE04-AD1A0CA4245B}.Debug|Any CPU.Build.0 = Debug|Any CPU
		{75F9B929-9CAE-44D0-AE04-AD1A0CA4245B}.Release|Any CPU.ActiveCfg = Release|Any CPU
		{75F9B929-9CAE-44D0-AE04-AD1A0CA4245B}.Release|Any CPU.Build.0 = Release|Any CPU
		{BC98E16D-6C88-4B13-B18C-34F275F5A822}.Debug|Any CPU.ActiveCfg = Debug|Any CPU
		{BC98E16D-6C88-4B13-B18C-34F275F5A822}.Debug|Any CPU.Build.0 = Debug|Any CPU
		{BC98E16D-6C88-4B13-B18C-34F275F5A822}.Release|Any CPU.ActiveCfg = Release|Any CPU
		{BC98E16D-6C88-4B13-B18C-34F275F5A822}.Release|Any CPU.Build.0 = Release|Any CPU
		{D0F768A3-7658-4DA1-9A67-37E0951EE9E4}.Debug|Any CPU.ActiveCfg = Debug|Any CPU
		{D0F768A3-7658-4DA1-9A67-37E0951EE9E4}.Debug|Any CPU.Build.0 = Debug|Any CPU
		{D0F768A3-7658-4DA1-9A67-37E0951EE9E4}.Release|Any CPU.ActiveCfg = Release|Any CPU
		{D0F768A3-7658-4DA1-9A67-37E0951EE9E4}.Release|Any CPU.Build.0 = Release|Any CPU
		{40A75279-5065-4248-8C98-B20B5074B7BA}.Debug|Any CPU.ActiveCfg = Debug|Any CPU
		{40A75279-5065-4248-8C98-B20B5074B7BA}.Debug|Any CPU.Build.0 = Debug|Any CPU
		{40A75279-5065-4248-8C98-B20B5074B7BA}.Release|Any CPU.ActiveCfg = Release|Any CPU
		{40A75279-5065-4248-8C98-B20B5074B7BA}.Release|Any CPU.Build.0 = Release|Any CPU
		{5C83FE02-8A46-45C1-A3AF-15AEB912759C}.Debug|Any CPU.ActiveCfg = Debug|Any CPU
		{5C83FE02-8A46-45C1-A3AF-15AEB912759C}.Debug|Any CPU.Build.0 = Debug|Any CPU
		{5C83FE02-8A46-45C1-A3AF-15AEB912759C}.Release|Any CPU.ActiveCfg = Release|Any CPU
		{5C83FE02-8A46-45C1-A3AF-15AEB912759C}.Release|Any CPU.Build.0 = Release|Any CPU
		{22FC1403-0601-4F10-9109-EB766860B830}.Debug|Any CPU.ActiveCfg = Debug|Any CPU
		{22FC1403-0601-4F10-9109-EB766860B830}.Debug|Any CPU.Build.0 = Debug|Any CPU
		{22FC1403-0601-4F10-9109-EB766860B830}.Release|Any CPU.ActiveCfg = Release|Any CPU
		{22FC1403-0601-4F10-9109-EB766860B830}.Release|Any CPU.Build.0 = Release|Any CPU
		{A07C4B92-402F-4B06-B7CE-EC892FAC3D13}.Debug|Any CPU.ActiveCfg = Debug|Any CPU
		{A07C4B92-402F-4B06-B7CE-EC892FAC3D13}.Debug|Any CPU.Build.0 = Debug|Any CPU
		{A07C4B92-402F-4B06-B7CE-EC892FAC3D13}.Release|Any CPU.ActiveCfg = Release|Any CPU
		{A07C4B92-402F-4B06-B7CE-EC892FAC3D13}.Release|Any CPU.Build.0 = Release|Any CPU
		{E7F2A5F8-FDC3-498A-B395-231526E6DEBA}.Debug|Any CPU.ActiveCfg = Debug|Any CPU
		{E7F2A5F8-FDC3-498A-B395-231526E6DEBA}.Debug|Any CPU.Build.0 = Debug|Any CPU
		{E7F2A5F8-FDC3-498A-B395-231526E6DEBA}.Release|Any CPU.ActiveCfg = Release|Any CPU
		{E7F2A5F8-FDC3-498A-B395-231526E6DEBA}.Release|Any CPU.Build.0 = Release|Any CPU
		{974DE67D-9B4A-457F-800C-218601241280}.Debug|Any CPU.ActiveCfg = Debug|Any CPU
		{974DE67D-9B4A-457F-800C-218601241280}.Debug|Any CPU.Build.0 = Debug|Any CPU
		{974DE67D-9B4A-457F-800C-218601241280}.Release|Any CPU.ActiveCfg = Release|Any CPU
		{974DE67D-9B4A-457F-800C-218601241280}.Release|Any CPU.Build.0 = Release|Any CPU
	EndGlobalSection
EndGlobal
